
Microsoft Visual Studio Solution File, Format Version 12.00
# Visual Studio Version 18
VisualStudioVersion = 18.3.11505.172 d18.3
MinimumVisualStudioVersion = 10.0.40219.1
Project("{FAE04EC0-301F-11D3-BF4B-00C04F79EFBC}") = "WebsiteScreenshotService", "WebsiteScreenshotService\WebsiteScreenshotService.csproj", "{6014F0EB-D23F-4712-9039-972098AC2DEE}"
EndProject
Project("{FAE04EC0-301F-11D3-BF4B-00C04F79EFBC}") = "ScreenshotWorker", "ScreenshotWorker\ScreenshotWorker.csproj", "{048F378B-C156-F087-028B-F0B5D6D5DB82}"
EndProject
Project("{FAE04EC0-301F-11D3-BF4B-00C04F79EFBC}") = "ScreenshotStorage", "ScreenshotStorage\ScreenshotStorage.csproj", "{E0170786-8793-97B6-7A9F-2DAD0834B493}"
EndProject
Project("{FAE04EC0-301F-11D3-BF4B-00C04F79EFBC}") = "Shared.Core", "Shared.Core\Shared.Core.csproj", "{08C09B1C-56A1-4DAC-B2F3-511B04DB8EF2}"
EndProject
Global
	GlobalSection(SolutionConfigurationPlatforms) = preSolution
		Debug|Any CPU = Debug|Any CPU
		Release|Any CPU = Release|Any CPU
	EndGlobalSection
	GlobalSection(ProjectConfigurationPlatforms) = postSolution
		{6014F0EB-D23F-4712-9039-972098AC2DEE}.Debug|Any CPU.ActiveCfg = Debug|Any CPU
		{6014F0EB-D23F-4712-9039-972098AC2DEE}.Debug|Any CPU.Build.0 = Debug|Any CPU
		{6014F0EB-D23F-4712-9039-972098AC2DEE}.Release|Any CPU.ActiveCfg = Release|Any CPU
		{6014F0EB-D23F-4712-9039-972098AC2DEE}.Release|Any CPU.Build.0 = Release|Any CPU
		{048F378B-C156-F087-028B-F0B5D6D5DB82}.Debug|Any CPU.ActiveCfg = Debug|Any CPU
		{048F378B-C156-F087-028B-F0B5D6D5DB82}.Debug|Any CPU.Build.0 = Debug|Any CPU
		{048F378B-C156-F087-028B-F0B5D6D5DB82}.Release|Any CPU.ActiveCfg = Release|Any CPU
		{048F378B-C156-F087-028B-F0B5D6D5DB82}.Release|Any CPU.Build.0 = Release|Any CPU
		{E0170786-8793-97B6-7A9F-2DAD0834B493}.Debug|Any CPU.ActiveCfg = Debug|Any CPU
		{E0170786-8793-97B6-7A9F-2DAD0834B493}.Debug|Any CPU.Build.0 = Debug|Any CPU
		{E0170786-8793-97B6-7A9F-2DAD0834B493}.Release|Any CPU.ActiveCfg = Release|Any CPU
		{E0170786-8793-97B6-7A9F-2DAD0834B493}.Release|Any CPU.Build.0 = Release|Any CPU
		{08C09B1C-56A1-4DAC-B2F3-511B04DB8EF2}.Debug|Any CPU.ActiveCfg = Debug|Any CPU
		{08C09B1C-56A1-4DAC-B2F3-511B04DB8EF2}.Debug|Any CPU.Build.0 = Debug|Any CPU
		{08C09B1C-56A1-4DAC-B2F3-511B04DB8EF2}.Release|Any CPU.ActiveCfg = Release|Any CPU
		{08C09B1C-56A1-4DAC-B2F3-511B04DB8EF2}.Release|Any CPU.Build.0 = Release|Any CPU
	EndGlobalSection
	GlobalSection(SolutionProperties) = preSolution
		HideSolutionNode = FALSE
	EndGlobalSection
	GlobalSection(ExtensibilityGlobals) = postSolution
		SolutionGuid = {1AB66D4D-168E-4C0E-83A8-AFCF5379E672}
	EndGlobalSection
EndGlobal
